PODS:
  - Alamofire (4.5.1)
  - pop (1.0.10)
  - ReactiveCocoa (6.0.2):
    - ReactiveSwift (~> 2.0)
  - ReactiveSwift (2.0.1):
    - Result (~> 3.2)
  - Result (3.2.4)

DEPENDENCIES:
  - Alamofire (~> 4.5)
  - pop (~> 1.0)
  - ReactiveCocoa

SPEC CHECKSUMS:
  Alamofire: 2d95912bf4c34f164fdfc335872e8c312acaea4a
  pop: 82ca6b068ce9278fd350fd9dd09482a0ce9492e6
  ReactiveCocoa: 9dcbd8275374f35a6e5fcce01a93b860a7b92c44
  ReactiveSwift: 60a29ff35988a964fd2bb759755cb6594de523fc
  Result: d2d07204ce72856f1fd9130bbe42c35a7b0fea10

PODFILE CHECKSUM: ef99b9e6d3d96e6a481399af0514388521c9b4ed

COCOAPODS: 1.2.0
